
Microsoft Visual Studio Solution File, Format Version 12.00
# Visual Studio 2013
VisualStudioVersion = 12.0.21005.1
MinimumVisualStudioVersion = 10.0.40219.1
Project("{8BC9CEB8-8B4A-11D0-8D11-00A0C91BC942}") = "invertedindex", "invertedindex\invertedindex.vcxproj", "{BE078BD5-B058-4908-A643-552D61AFE035}"
EndProject
Project("{8BC9CEB8-8B4A-11D0-8D11-00A0C91BC942}") = "mergesort", "mergesort\mergesort.vcxproj", "{97CA3D1F-C858-4C8E-9C60-14638F78245A}"
EndProject
Project("{8BC9CEB8-8B4A-11D0-8D11-00A0C91BC942}") = "query", "query\query.vcxproj", "{67AD2223-E611-4E2D-BB71-55B4ACEA21FE}"
EndProject
Project("{8BC9CEB8-8B4A-11D0-8D11-00A0C91BC942}") = "PyQuery", "PyQuery\PyQuery.vcxproj", "{42C69717-2833-46C2-80A1-AFF78DEEB9FB}"
EndProject
Global
	GlobalSection(SolutionConfigurationPlatforms) = preSolution
		Debug|Win32 = Debug|Win32
		Release|Win32 = Release|Win32
	EndGlobalSection
	GlobalSection(ProjectConfigurationPlatforms) = postSolution
		{BE078BD5-B058-4908-A643-552D61AFE035}.Debug|Win32.ActiveCfg = Debug|Win32
		{BE078BD5-B058-4908-A643-552D61AFE035}.Debug|Win32.Build.0 = Debug|Win32
		{BE078BD5-B058-4908-A643-552D61AFE035}.Release|Win32.ActiveCfg = Release|Win32
		{BE078BD5-B058-4908-A643-552D61AFE035}.Release|Win32.Build.0 = Release|Win32
		{97CA3D1F-C858-4C8E-9C60-14638F78245A}.Debug|Win32.ActiveCfg = Debug|Win32
		{97CA3D1F-C858-4C8E-9C60-14638F78245A}.Debug|Win32.Build.0 = Debug|Win32
		{97CA3D1F-C858-4C8E-9C60-14638F78245A}.Release|Win32.ActiveCfg = Release|Win32
		{97CA3D1F-C858-4C8E-9C60-14638F78245A}.Release|Win32.Build.0 = Release|Win32
		{67AD2223-E611-4E2D-BB71-55B4ACEA21FE}.Debug|Win32.ActiveCfg = Debug|Win32
		{67AD2223-E611-4E2D-BB71-55B4ACEA21FE}.Debug|Win32.Build.0 = Debug|Win32
		{67AD2223-E611-4E2D-BB71-55B4ACEA21FE}.Release|Win32.ActiveCfg = Release|Win32
		{67AD2223-E611-4E2D-BB71-55B4ACEA21FE}.Release|Win32.Build.0 = Release|Win32
		{42C69717-2833-46C2-80A1-AFF78DEEB9FB}.Debug|Win32.ActiveCfg = Debug|Win32
		{42C69717-2833-46C2-80A1-AFF78DEEB9FB}.Debug|Win32.Build.0 = Debug|Win32
		{42C69717-2833-46C2-80A1-AFF78DEEB9FB}.Release|Win32.ActiveCfg = Release|Win32
		{42C69717-2833-46C2-80A1-AFF78DEEB9FB}.Release|Win32.Build.0 = Release|Win32
	EndGlobalSection
	GlobalSection(SolutionProperties) = preSolution
		HideSolutionNode = FALSE
	EndGlobalSection
EndGlobal
